// !$*UTF8*$!
{
	archiveVersion = 1;
	classes = {
	};
	objectVersion = 46;
	objects = {

/* Begin PBXBuildFile section */
		8F544C731BD697D500EF3EC7 /* AppDelegate.swift in Sources */ = {isa = PBXBuildFile; fileRef = 8F544C721BD697D500EF3EC7 /* AppDelegate.swift */; };
		8F544C751BD697D500EF3EC7 /* ViewController.swift in Sources */ = {isa = PBXBuildFile; fileRef = 8F544C741BD697D500EF3EC7 /* ViewController.swift */; };
		8F544C781BD697D500EF3EC7 /* Main.storyboard in Resources */ = {isa = PBXBuildFile; fileRef = 8F544C761BD697D500EF3EC7 /* Main.storyboard */; };
		8F544C7A1BD697D500EF3EC7 /* Assets.xcassets in Resources */ = {isa = PBXBuildFile; fileRef = 8F544C791BD697D500EF3EC7 /* Assets.xcassets */; };
		8F544C7D1BD697D500EF3EC7 /* LaunchScreen.storyboard in Resources */ = {isa = PBXBuildFile; fileRef = 8F544C7B1BD697D500EF3EC7 /* LaunchScreen.storyboard */; };
		8F544C881BD697D500EF3EC7 /* Time_Warp_CalculatorTests.swift in Sources */ = {isa = PBXBuildFile; fileRef = 8F544C871BD697D500EF3EC7 /* Time_Warp_CalculatorTests.swift */; };
		8F544C931BD697D500EF3EC7 /* Time_Warp_CalculatorUITests.swift in Sources */ = {isa = PBXBuildFile; fileRef = 8F544C921BD697D500EF3EC7 /* Time_Warp_CalculatorUITests.swift */; };
		8F544CA11BD6B91200EF3EC7 /* Minecraft.ttf in Resources */ = {isa = PBXBuildFile; fileRef = 8F544CA01BD6B91200EF3EC7 /* Minecraft.ttf */; settings = {ASSET_TAGS = (); }; };
		8F544CA31BD6BE0B00EF3EC7 /* btn.wav in Resources */ = {isa = PBXBuildFile; fileRef = 8F544CA21BD6BE0B00EF3EC7 /* btn.wav */; settings = {ASSET_TAGS = (); }; };
/* End PBXBuildFile section */

/* Begin PBXContainerItemProxy section */
		8F544C841BD697D500EF3EC7 /* PBXContainerItemProxy */ = {
			isa = PBXContainerItemProxy;
			containerPortal = 8F544C671BD697D500EF3EC7 /* Project object */;
			proxyType = 1;
			remoteGlobalIDString = 8F544C6E1BD697D500EF3EC7;
			remoteInfo = Time_Warp_Calculator;
		};
		8F544C8F1BD697D500EF3EC7 /* PBXContainerItemProxy */ = {
			isa = PBXContainerItemProxy;
			containerPortal = 8F544C671BD697D500EF3EC7 /* Project object */;
			proxyType = 1;
			remoteGlobalIDString = 8F544C6E1BD697D500EF3EC7;
			remoteInfo = Time_Warp_Calculator;
		};
/* End PBXContainerItemProxy section */

/* Begin PBXFileReference section */
		8F544C6F1BD697D500EF3EC7 /* Time_Warp_Calculator.app */ = {isa = PBXFileReference; explicitFileType = wrapper.application; includeInIndex = 0; path = Time_Warp_Calculator.app; sourceTree = BUILT_PRODUCTS_DIR; };
		8F544C721BD697D500EF3EC7 /* AppDelegate.swift */ = {isa = PBXFileReference; lastKnownFileType = sourcecode.swift; path = AppDelegate.swift; sourceTree = "<group>"; };
		8F544C741BD697D500EF3EC7 /* ViewController.swift */ = {isa = PBXFileReference; lastKnownFileType = sourcecode.swift; path = ViewController.swift; sourceTree = "<group>"; };
		8F544C771BD697D500EF3EC7 /* Base */ = {isa = PBXFileReference; lastKnownFileType = file.storyboard; name = Base; path = Base.lproj/Main.storyboard; sourceTree = "<group>"; };
		8F544C791BD697D500EF3EC7 /* Assets.xcassets */ = {isa = PBXFileReference; lastKnownFileType = folder.assetcatalog; path = Assets.xcassets; sourceTree = "<group>"; };
		8F544C7C1BD697D500EF3EC7 /* Base */ = {isa = PBXFileReference; lastKnownFileType = file.storyboard; name = Base; path = Base.lproj/LaunchScreen.storyboard; sourceTree = "<group>"; };
		8F544C7E1BD697D500EF3EC7 /* Info.plist */ = {isa = PBXFileReference; lastKnownFileType = text.plist.xml; path = Info.plist; sourceTree = "<group>"; };
		8F544C831BD697D500EF3EC7 /* Time_Warp_CalculatorTests.xctest */ = {isa = PBXFileReference; explicitFileType = wrapper.cfbundle; includeInIndex = 0; path = Time_Warp_CalculatorTests.xctest; sourceTree = BUILT_PRODUCTS_DIR; };
		8F544C871BD697D500EF3EC7 /* Time_Warp_CalculatorTests.swift */ = {isa = PBXFileReference; lastKnownFileType = sourcecode.swift; path = Time_Warp_CalculatorTests.swift; sourceTree = "<group>"; };
		8F544C891BD697D500EF3EC7 /* Info.plist */ = {isa = PBXFileReference; lastKnownFileType = text.plist.xml; path = Info.plist; sourceTree = "<group>"; };
		8F544C8E1BD697D500EF3EC7 /* Time_Warp_CalculatorUITests.xctest */ = {isa = PBXFileReference; explicitFileType = wrapper.cfbundle; includeInIndex = 0; path = Time_Warp_CalculatorUITests.xctest; sourceTree = BUILT_PRODUCTS_DIR; };
		8F544C921BD697D500EF3EC7 /* Time_Warp_CalculatorUITests.swift */ = {isa = PBXFileReference; lastKnownFileType = sourcecode.swift; path = Time_Warp_CalculatorUITests.swift; sourceTree = "<group>"; };
		8F544C941BD697D500EF3EC7 /* Info.plist */ = {isa = PBXFileReference; lastKnownFileType = text.plist.xml; path = Info.plist; sourceTree = "<group>"; };
		8F544CA01BD6B91200EF3EC7 /* Minecraft.ttf */ = {isa = PBXFileReference; lastKnownFileType = file; path = Minecraft.ttf; sourceTree = "<group>"; };
		8F544CA21BD6BE0B00EF3EC7 /* btn.wav */ = {isa = PBXFileReference; lastKnownFileType = audio.wav; path = btn.wav; sourceTree = "<group>"; };
/* End PBXFileReference section */

/* Begin PBXFrameworksBuildPhase section */
		8F544C6C1BD697D500EF3EC7 /* Frameworks */ = {
			isa = PBXFrameworksBuildPhase;
			buildActionMask = 2147483647;
			files = (
			);
			runOnlyForDeploymentPostprocessing = 0;
		};
		8F544C801BD697D500EF3EC7 /* Frameworks */ = {
			isa = PBXFrameworksBuildPhase;
			buildActionMask = 2147483647;
			files = (
			);
			runOnlyForDeploymentPostprocessing = 0;
		};
		8F544C8B1BD697D500EF3EC7 /* Frameworks */ = {
			isa = PBXFrameworksBuildPhase;
			buildActionMask = 2147483647;
			files = (
			);
			runOnlyForDeploymentPostprocessing = 0;
		};
/* End PBXFrameworksBuildPhase section */

/* Begin PBXGroup section */
		8F544C661BD697D500EF3EC7 = {
			isa = PBXGroup;
			children = (
				8F544C711BD697D500EF3EC7 /* Time_Warp_Calculator */,
				8F544C861BD697D500EF3EC7 /* Time_Warp_CalculatorTests */,
				8F544C911BD697D500EF3EC7 /* Time_Warp_CalculatorUITests */,
				8F544C701BD697D500EF3EC7 /* Products */,
			);
			sourceTree = "<group>";
		};
		8F544C701BD697D500EF3EC7 /* Products */ = {
			isa = PBXGroup;
			children = (
				8F544C6F1BD697D500EF3EC7 /* Time_Warp_Calculator.app */,
				8F544C831BD697D500EF3EC7 /* Time_Warp_CalculatorTests.xctest */,
				8F544C8E1BD697D500EF3EC7 /* Time_Warp_CalculatorUITests.xctest */,
			);
			name = Products;
			sourceTree = "<group>";
		};
		8F544C711BD697D500EF3EC7 /* Time_Warp_Calculator */ = {
			isa = PBXGroup;
			children = (
				8F544CA21BD6BE0B00EF3EC7 /* btn.wav */,
				8F544CA01BD6B91200EF3EC7 /* Minecraft.ttf */,
				8F544C721BD697D500EF3EC7 /* AppDelegate.swift */,
				8F544C741BD697D500EF3EC7 /* ViewController.swift */,
				8F544C761BD697D500EF3EC7 /* Main.storyboard */,
				8F544C791BD697D500EF3EC7 /* Assets.xcassets */,
				8F544C7B1BD697D500EF3EC7 /* LaunchScreen.storyboard */,
				8F544C7E1BD697D500EF3EC7 /* Info.plist */,
			);
			path = Time_Warp_Calculator;
			sourceTree = "<group>";
		};
		8F544C861BD697D500EF3EC7 /* Time_Warp_CalculatorTests */ = {
			isa = PBXGroup;
			children = (
				8F544C871BD697D500EF3EC7 /* Time_Warp_CalculatorTests.swift */,
				8F544C891BD697D500EF3EC7 /* Info.plist */,
			);
			path = Time_Warp_CalculatorTests;
			sourceTree = "<group>";
		};
		8F544C911BD697D500EF3EC7 /* Time_Warp_CalculatorUITests */ = {
			isa = PBXGroup;
			children = (
				8F544C921BD697D500EF3EC7 /* Time_Warp_CalculatorUITests.swift */,
				8F544C941BD697D500EF3EC7 /* Info.plist */,
			);
			path = Time_Warp_CalculatorUITests;
			sourceTree = "<group>";
		};
/* End PBXGroup section */

/* Begin PBXNativeTarget section */
		8F544C6E1BD697D500EF3EC7 /* Time_Warp_Calculator */ = {
			isa = PBXNativeTarget;
			buildConfigurationList = 8F544C971BD697D500EF3EC7 /* Build configuration list for PBXNativeTarget "Time_Warp_Calculator" */;
			buildPhases = (
				8F544C6B1BD697D500EF3EC7 /* Sources */,
				8F544C6C1BD697D500EF3EC7 /* Frameworks */,
				8F544C6D1BD697D500EF3EC7 /* Resources */,
			);
			buildRules = (
			);
			dependencies = (
			);
			name = Time_Warp_Calculator;
			productName = Time_Warp_Calculator;
			productReference = 8F544C6F1BD697D500EF3EC7 /* Time_Warp_Calculator.app */;
			productType = "com.apple.product-type.application";
		};
		8F544C821BD697D500EF3EC7 /* Time_Warp_CalculatorTests */ = {
			isa = PBXNativeTarget;
			buildConfigurationList = 8F544C9A1BD697D500EF3EC7 /* Build configuration list for PBXNativeTarget "Time_Warp_CalculatorTests" */;
			buildPhases = (
				8F544C7F1BD697D500EF3EC7 /* Sources */,
				8F544C801BD697D500EF3EC7 /* Frameworks */,
				8F544C811BD697D500EF3EC7 /* Resources */,
			);
			buildRules = (
			);
			dependencies = (
				8F544C851BD697D500EF3EC7 /* PBXTargetDependency */,
			);
			name = Time_Warp_CalculatorTests;
			productName = Time_Warp_CalculatorTests;
			productReference = 8F544C831BD697D500EF3EC7 /* Time_Warp_CalculatorTests.xctest */;
			productType = "com.apple.product-type.bundle.unit-test";
		};
		8F544C8D1BD697D500EF3EC7 /* Time_Warp_CalculatorUITests */ = {
			isa = PBXNativeTarget;
			buildConfigurationList = 8F544C9D1BD697D500EF3EC7 /* Build configuration list for PBXNativeTarget "Time_Warp_CalculatorUITests" */;
			buildPhases = (
				8F544C8A1BD697D500EF3EC7 /* Sources */,
				8F544C8B1BD697D500EF3EC7 /* Frameworks */,
				8F544C8C1BD697D500EF3EC7 /* Resources */,
			);
			buildRules = (
			);
			dependencies = (
				8F544C901BD697D500EF3EC7 /* PBXTargetDependency */,
			);
			name = Time_Warp_CalculatorUITests;
			productName = Time_Warp_CalculatorUITests;
			productReference = 8F544C8E1BD697D500EF3EC7 /* Time_Warp_CalculatorUITests.xctest */;
			productType = "com.apple.product-type.bundle.ui-testing";
		};
/* End PBXNativeTarget section */

/* Begin PBXProject section */
		8F544C671BD697D500EF3EC7 /* Project object */ = {
			isa = PBXProject;
			attributes = {
				LastUpgradeCheck = 0700;
				ORGANIZATIONNAME = "Jim Aven";
				TargetAttributes = {
					8F544C6E1BD697D500EF3EC7 = {
						CreatedOnToolsVersion = 7.0.1;
					};
					8F544C821BD697D500EF3EC7 = {
						CreatedOnToolsVersion = 7.0.1;
						TestTargetID = 8F544C6E1BD697D500EF3EC7;
					};
					8F544C8D1BD697D500EF3EC7 = {
						CreatedOnToolsVersion = 7.0.1;
						TestTargetID = 8F544C6E1BD697D500EF3EC7;
					};
				};
			};
			buildConfigurationList = 8F544C6A1BD697D500EF3EC7 /* Build configuration list for PBXProject "Time_Warp_Calculator" */;
			compatibilityVersion = "Xcode 3.2";
			developmentRegion = English;
			hasScannedForEncodings = 0;
			knownRegions = (
				en,
				Base,
			);
			mainGroup = 8F544C661BD697D500EF3EC7;
			productRefGroup = 8F544C701BD697D500EF3EC7 /* Products */;
			projectDirPath = "";
			projectRoot = "";
			targets = (
				8F544C6E1BD697D500EF3EC7 /* Time_Warp_Calculator */,
				8F544C821BD697D500EF3EC7 /* Time_Warp_CalculatorTests */,
				8F544C8D1BD697D500EF3EC7 /* Time_Warp_CalculatorUITests */,
			);
		};
/* End PBXProject section */

/* Begin PBXResourcesBuildPhase section */
		8F544C6D1BD697D500EF3EC7 /* Resources */ = {
			isa = PBXResourcesBuildPhase;
			buildActionMask = 2147483647;
			files = (
				8F544CA31BD6BE0B00EF3EC7 /* btn.wav in Resources */,
				8F544C7D1BD697D500EF3EC7 /* LaunchScreen.storyboard in Resources */,
				8F544C7A1BD697D500EF3EC7 /* Assets.xcassets in Resources */,
				8F544CA11BD6B91200EF3EC7 /* Minecraft.ttf in Resources */,
				8F544C781BD697D500EF3EC7 /* Main.storyboard in Resources */,
			);
			runOnlyForDeploymentPostprocessing = 0;
		};
		8F544C811BD697D500EF3EC7 /* Resources */ = {
			isa = PBXResourcesBuildPhase;
			buildActionMask = 2147483647;
			files = (
			);
			runOnlyForDeploymentPostprocessing = 0;
		};
		8F544C8C1BD697D500EF3EC7 /* Resources */ = {
			isa = PBXResourcesBuildPhase;
			buildActionMask = 2147483647;
			files = (
			);
			runOnlyForDeploymentPostprocessing = 0;
		};
/* End PBXResourcesBuildPhase section */

/* Begin PBXSourcesBuildPhase section */
		8F544C6B1BD697D500EF3EC7 /* Sources */ = {
			isa = PBXSourcesBuildPhase;
			buildActionMask = 2147483647;
			files = (
				8F544C751BD697D500EF3EC7 /* ViewController.swift in Sources */,
				8F544C731BD697D500EF3EC7 /* AppDelegate.swift in Sources */,
			);
			runOnlyForDeploymentPostprocessing = 0;
		};
		8F544C7F1BD697D500EF3EC7 /* Sources */ = {
			isa = PBXSourcesBuildPhase;
			buildActionMask = 2147483647;
			files = (
				8F544C881BD697D500EF3EC7 /* Time_Warp_CalculatorTests.swift in Sources */,
			);
			runOnlyForDeploymentPostprocessing = 0;
		};
		8F544C8A1BD697D500EF3EC7 /* Sources */ = {
			isa = PBXSourcesBuildPhase;
			buildActionMask = 2147483647;
			files = (
				8F544C931BD697D500EF3EC7 /* Time_Warp_CalculatorUITests.swift in Sources */,
			);
			runOnlyForDeploymentPostprocessing = 0;
		};
/* End PBXSourcesBuildPhase section */

/* Begin PBXTargetDependency section */
		8F544C851BD697D500EF3EC7 /* PBXTargetDependency */ = {
			isa = PBXTargetDependency;
			target = 8F544C6E1BD697D500EF3EC7 /* Time_Warp_Calculator */;
			targetProxy = 8F544C841BD697D500EF3EC7 /* PBXContainerItemProxy */;
		};
		8F544C901BD697D500EF3EC7 /* PBXTargetDependency */ = {
			isa = PBXTargetDependency;
			target = 8F544C6E1BD697D500EF3EC7 /* Time_Warp_Calculator */;
			targetProxy = 8F544C8F1BD697D500EF3EC7 /* PBXContainerItemProxy */;
		};
/* End PBXTargetDependency section */

/* Begin PBXVariantGroup section */
		8F544C761BD697D500EF3EC7 /* Main.storyboard */ = {
			isa = PBXVariantGroup;
			children = (
				8F544C771BD697D500EF3EC7 /* Base */,
			);
			name = Main.storyboard;
			sourceTree = "<group>";
		};
		8F544C7B1BD697D500EF3EC7 /* LaunchScreen.storyboard */ = {
			isa = PBXVariantGroup;
			children = (
				8F544C7C1BD697D500EF3EC7 /* Base */,
			);
			name = LaunchScreen.storyboard;
			sourceTree = "<group>";
		};
/* End PBXVariantGroup section */

/* Begin XCBuildConfiguration section */
		8F544C951BD697D500EF3EC7 /* Debug */ = {
			isa = XCBuildConfiguration;
			buildSettings = {
				ALWAYS_SEARCH_USER_PATHS = NO;
				CLANG_CXX_LANGUAGE_STANDARD = "gnu++0x";
				CLANG_CXX_LIBRARY = "libc++";
				CLANG_ENABLE_MODULES = YES;
				CLANG_ENABLE_OBJC_ARC = YES;
				CLANG_WARN_BOOL_CONVERSION = YES;
				CLANG_WARN_CONSTANT_CONVERSION = YES;
				CLANG_WARN_DIRECT_OBJC_ISA_USAGE = YES_ERROR;
				CLANG_WARN_EMPTY_BODY = YES;
				CLANG_WARN_ENUM_CONVERSION = YES;
				CLANG_WARN_INT_CONVERSION = YES;
				CLANG_WARN_OBJC_ROOT_CLASS = YES_ERROR;
				CLANG_WARN_UNREACHABLE_CODE = YES;
				CLANG_WARN__DUPLICATE_METHOD_MATCH = YES;
				"CODE_SIGN_IDENTITY[sdk=iphoneos*]" = "iPhone Developer";
				COPY_PHASE_STRIP = NO;
				DEBUG_INFORMATION_FORMAT = dwarf;
				ENABLE_STRICT_OBJC_MSGSEND = YES;
				ENABLE_TESTABILITY = YES;
				GCC_C_LANGUAGE_STANDARD = gnu99;
				GCC_DYNAMIC_NO_PIC = NO;
				GCC_NO_COMMON_BLOCKS = YES;
				GCC_OPTIMIZATION_LEVEL = 0;
				GCC_PREPROCESSOR_DEFINITIONS = (
					"DEBUG=1",
					"$(inherited)",
				);
				GCC_WARN_64_TO_32_BIT_CONVERSION = YES;
				GCC_WARN_ABOUT_RETURN_TYPE = YES_ERROR;
				GCC_WARN_UNDECLARED_SELECTOR = YES;
				GCC_WARN_UNINITIALIZED_AUTOS = YES_AGGRESSIVE;
				GCC_WARN_UNUSED_FUNCTION = YES;
				GCC_WARN_UNUSED_VARIABLE = YES;
				IPHONEOS_DEPLOYMENT_TARGET = 9.0;
				MTL_ENABLE_DEBUG_INFO = YES;
				ONLY_ACTIVE_ARCH = YES;
				SDKROOT = iphoneos;
				SWIFT_OPTIMIZATION_LEVEL = "-Onone";
				TARGETED_DEVICE_FAMILY = "1,2";
			};
			name = Debug;
		};
		8F544C961BD697D500EF3EC7 /* Release */ = {
			isa = XCBuildConfiguration;
			buildSettings = {
				ALWAYS_SEARCH_USER_PATHS = NO;
				CLANG_CXX_LANGUAGE_STANDARD = "gnu++0x";
				CLANG_CXX_LIBRARY = "libc++";
				CLANG_ENABLE_MODULES = YES;
				CLANG_ENABLE_OBJC_ARC = YES;
				CLANG_WARN_BOOL_CONVERSION = YES;
				CLANG_WARN_CONSTANT_CONVERSION = YES;
				CLANG_WARN_DIRECT_OBJC_ISA_USAGE = YES_ERROR;
				CLANG_WARN_EMPTY_BODY = YES;
				CLANG_WARN_ENUM_CONVERSION = YES;
				CLANG_WARN_INT_CONVERSION = YES;
				CLANG_WARN_OBJC_ROOT_CLASS = YES_ERROR;
				CLANG_WARN_UNREACHABLE_CODE = YES;
				CLANG_WARN__DUPLICATE_METHOD_MATCH = YES;
				"CODE_SIGN_IDENTITY[sdk=iphoneos*]" = "iPhone Developer";
				COPY_PHASE_STRIP = NO;
				DEBUG_INFORMATION_FORMAT = "dwarf-with-dsym";
				ENABLE_NS_ASSERTIONS = NO;
				ENABLE_STRICT_OBJC_MSGSEND = YES;
				GCC_C_LANGUAGE_STANDARD = gnu99;
				GCC_NO_COMMON_BLOCKS = YES;
				GCC_WARN_64_TO_32_BIT_CONVERSION = YES;
				GCC_WARN_ABOUT_RETURN_TYPE = YES_ERROR;
				GCC_WARN_UNDECLARED_SELECTOR = YES;
				GCC_WARN_UNINITIALIZED_AUTOS = YES_AGGRESSIVE;
				GCC_WARN_UNUSED_FUNCTION = YES;
				GCC_WARN_UNUSED_VARIABLE = YES;
				IPHONEOS_DEPLOYMENT_TARGET = 9.0;
				MTL_ENABLE_DEBUG_INFO = NO;
				SDKROOT = iphoneos;
				TARGETED_DEVICE_FAMILY = "1,2";
				VALIDATE_PRODUCT = YES;
			};
			name = Release;
		};
		8F544C981BD697D500EF3EC7 /* Debug */ = {
			isa = XCBuildConfiguration;
			buildSettings = {
				ASSETCATALOG_COMPILER_APPICON_NAME = AppIcon;
				INFOPLIST_FILE = Time_Warp_Calculator/Info.plist;
				LD_RUNPATH_SEARCH_PATHS = "$(inherited) @executable_path/Frameworks";
				PRODUCT_BUNDLE_IDENTIFIER = "com.neva.Time-Warp-Calculator";
				PRODUCT_NAME = "$(TARGET_NAME)";
			};
			name = Debug;
		};
		8F544C991BD697D500EF3EC7 /* Release */ = {
			isa = XCBuildConfiguration;
			buildSettings = {
				ASSETCATALOG_COMPILER_APPICON_NAME = AppIcon;
				INFOPLIST_FILE = Time_Warp_Calculator/Info.plist;
				LD_RUNPATH_SEARCH_PATHS = "$(inherited) @executable_path/Frameworks";
				PRODUCT_BUNDLE_IDENTIFIER = "com.neva.Time-Warp-Calculator";
				PRODUCT_NAME = "$(TARGET_NAME)";
			};
			name = Release;
		};
		8F544C9B1BD697D500EF3EC7 /* Debug */ = {
			isa = XCBuildConfiguration;
			buildSettings = {
				BUNDLE_LOADER = "$(TEST_HOST)";
				INFOPLIST_FILE = Time_Warp_CalculatorTests/Info.plist;
				LD_RUNPATH_SEARCH_PATHS = "$(inherited) @executable_path/Frameworks @loader_path/Frameworks";
				PRODUCT_BUNDLE_IDENTIFIER = "com.neva.Time-Warp-CalculatorTests";
				PRODUCT_NAME = "$(TARGET_NAME)";
				TEST_HOST = "$(BUILT_PRODUCTS_DIR)/Time_Warp_Calculator.app/Time_Warp_Calculator";
			};
			name = Debug;
		};
		8F544C9C1BD697D500EF3EC7 /* Release */ = {
			isa = XCBuildConfiguration;
			buildSettings = {
				BUNDLE_LOADER = "$(TEST_HOST)";
				INFOPLIST_FILE = Time_Warp_CalculatorTests/Info.plist;
				LD_RUNPATH_SEARCH_PATHS = "$(inherited) @executable_path/Frameworks @loader_path/Frameworks";
				PRODUCT_BUNDLE_IDENTIFIER = "com.neva.Time-Warp-CalculatorTests";
				PRODUCT_NAME = "$(TARGET_NAME)";
				TEST_HOST = "$(BUILT_PRODUCTS_DIR)/Time_Warp_Calculator.app/Time_Warp_Calculator";
			};
			name = Release;
		};
		8F544C9E1BD697D500EF3EC7 /* Debug */ = {
			isa = XCBuildConfiguration;
			buildSettings = {
				INFOPLIST_FILE = Time_Warp_CalculatorUITests/Info.plist;
				LD_RUNPATH_SEARCH_PATHS = "$(inherited) @executable_path/Frameworks @loader_path/Frameworks";
				PRODUCT_BUNDLE_IDENTIFIER = "com.neva.Time-Warp-CalculatorUITests";
				PRODUCT_NAME = "$(TARGET_NAME)";
				TEST_TARGET_NAME = Time_Warp_Calculator;
				USES_XCTRUNNER = YES;
			};
			name = Debug;
		};
		8F544C9F1BD697D500EF3EC7 /* Release */ = {
			isa = XCBuildConfiguration;
			buildSettings = {
				INFOPLIST_FILE = Time_Warp_CalculatorUITests/Info.plist;
				LD_RUNPATH_SEARCH_PATHS = "$(inherited) @executable_path/Frameworks @loader_path/Frameworks";
				PRODUCT_BUNDLE_IDENTIFIER = "com.neva.Time-Warp-CalculatorUITests";
				PRODUCT_NAME = "$(TARGET_NAME)";
				TEST_TARGET_NAME = Time_Warp_Calculator;
				USES_XCTRUNNER = YES;
			};
			name = Release;
		};
/* End XCBuildConfiguration section */

/* Begin XCConfigurationList section */
		8F544C6A1BD697D500EF3EC7 /* Build configuration list for PBXProject "Time_Warp_Calculator" */ = {
			isa = XCConfigurationList;
			buildConfigurations = (
				8F544C951BD697D500EF3EC7 /* Debug */,
				8F544C961BD697D500EF3EC7 /* Release */,
			);
			defaultConfigurationIsVisible = 0;
			defaultConfigurationName = Release;
		};
		8F544C971BD697D500EF3EC7 /* Build configuration list for PBXNativeTarget "Time_Warp_Calculator" */ = {
			isa = XCConfigurationList;
			buildConfigurations = (
				8F544C981BD697D500EF3EC7 /* Debug */,
				8F544C991BD697D500EF3EC7 /* Release */,
			);
			defaultConfigurationIsVisible = 0;
		};
		8F544C9A1BD697D500EF3EC7 /* Build configuration list for PBXNativeTarget "Time_Warp_CalculatorTests" */ = {
			isa = XCConfigurationList;
			buildConfigurations = (
				8F544C9B1BD697D500EF3EC7 /* Debug */,
				8F544C9C1BD697D500EF3EC7 /* Release */,
			);
			defaultConfigurationIsVisible = 0;
		};
		8F544C9D1BD697D500EF3EC7 /* Build configuration list for PBXNativeTarget "Time_Warp_CalculatorUITests" */ = {
			isa = XCConfigurationList;
			buildConfigurations = (
				8F544C9E1BD697D500EF3EC7 /* Debug */,
				8F544C9F1BD697D500EF3EC7 /* Release */,
			);
			defaultConfigurationIsVisible = 0;
		};
/* End XCConfigurationList section */
	};
	rootObject = 8F544C671BD697D500EF3EC7 /* Project object */;
}
